Microsoft Visual Studio Solution File, Format Version 12.00
# Visual Studio 14
VisualStudioVersion = 14.0.25420.1
MinimumVisualStudioVersion = 10.0.40219.1
Project("{2150E333-8FDC-42A3-9474-1A3956D46DE8}") = "src", "src", "{7200B5EC-BD79-4C0F-BA39-F2A45B36AC17}"
EndProject
Project("{2150E333-8FDC-42A3-9474-1A3956D46DE8}") = "Solution Items", "Solution Items", "{7361E831-AC07-4A8B-B70B-944F98050F50}"
	ProjectSection(SolutionItems) = preProject
		global.json = global.json
	EndProjectSection
EndProject
Project("{8BB2217D-0F2D-49D1-97BC-3654ED321F3B}") = "AlfaRPG", "src\AlfaRPG\AlfaRPG.xproj", "{B1D72989-8F5E-4F16-8D1D-B5D6DA215627}"
EndProject
Project("{8BB2217D-0F2D-49D1-97BC-3654ED321F3B}") = "AlfaRPG.DomainModels", "src\AlfaRPG.DomainModels\AlfaRPG.DomainModels.xproj", "{4C69506E-6F17-478C-9CE6-9B8C0CA194D9}"
EndProject
Project("{8BB2217D-0F2D-49D1-97BC-3654ED321F3B}") = "AlfaRPG.ORM", "src\AlfaRPG.ORM\AlfaRPG.ORM.xproj", "{EAA83A89-D6DE-49E6-95B4-4D02FF94C9E7}"
EndProject
Project("{2150E333-8FDC-42A3-9474-1A3956D46DE8}") = "tst", "tst", "{6F7386E1-2296-4255-9568-6834A37A7CF3}"
EndProject
Project("{8BB2217D-0F2D-49D1-97BC-3654ED321F3B}") = "AlfaRPGTests", "src\AlfaRPGTests\AlfaRPGTests.xproj", "{475F9F40-B34B-4362-949E-91D4496E4309}"
EndProject
Global
	GlobalSection(SolutionConfigurationPlatforms) = preSolution
		Debug|Any CPU = Debug|Any CPU
		Release|Any CPU = Release|Any CPU
	EndGlobalSection
	GlobalSection(ProjectConfigurationPlatforms) = postSolution
		{B1D72989-8F5E-4F16-8D1D-B5D6DA215627}.Debug|Any CPU.ActiveCfg = Debug|Any CPU
		{B1D72989-8F5E-4F16-8D1D-B5D6DA215627}.Debug|Any CPU.Build.0 = Debug|Any CPU
		{B1D72989-8F5E-4F16-8D1D-B5D6DA215627}.Release|Any CPU.ActiveCfg = Release|Any CPU
		{B1D72989-8F5E-4F16-8D1D-B5D6DA215627}.Release|Any CPU.Build.0 = Release|Any CPU
		{4C69506E-6F17-478C-9CE6-9B8C0CA194D9}.Debug|Any CPU.ActiveCfg = Debug|Any CPU
		{4C69506E-6F17-478C-9CE6-9B8C0CA194D9}.Debug|Any CPU.Build.0 = Debug|Any CPU
		{4C69506E-6F17-478C-9CE6-9B8C0CA194D9}.Release|Any CPU.ActiveCfg = Release|Any CPU
		{4C69506E-6F17-478C-9CE6-9B8C0CA194D9}.Release|Any CPU.Build.0 = Release|Any CPU
		{EAA83A89-D6DE-49E6-95B4-4D02FF94C9E7}.Debug|Any CPU.ActiveCfg = Debug|Any CPU
		{EAA83A89-D6DE-49E6-95B4-4D02FF94C9E7}.Debug|Any CPU.Build.0 = Debug|Any CPU
		{EAA83A89-D6DE-49E6-95B4-4D02FF94C9E7}.Release|Any CPU.ActiveCfg = Release|Any CPU
		{EAA83A89-D6DE-49E6-95B4-4D02FF94C9E7}.Release|Any CPU.Build.0 = Release|Any CPU
		{475F9F40-B34B-4362-949E-91D4496E4309}.Debug|Any CPU.ActiveCfg = Debug|Any CPU
		{475F9F40-B34B-4362-949E-91D4496E4309}.Debug|Any CPU.Build.0 = Debug|Any CPU
		{475F9F40-B34B-4362-949E-91D4496E4309}.Release|Any CPU.ActiveCfg = Release|Any CPU
		{475F9F40-B34B-4362-949E-91D4496E4309}.Release|Any CPU.Build.0 = Release|Any CPU
	EndGlobalSection
	GlobalSection(SolutionProperties) = preSolution
		HideSolutionNode = FALSE
	EndGlobalSection
	GlobalSection(NestedProjects) = preSolution
		{B1D72989-8F5E-4F16-8D1D-B5D6DA215627} = {7200B5EC-BD79-4C0F-BA39-F2A45B36AC17}
		{4C69506E-6F17-478C-9CE6-9B8C0CA194D9} = {7200B5EC-BD79-4C0F-BA39-F2A45B36AC17}
		{EAA83A89-D6DE-49E6-95B4-4D02FF94C9E7} = {7200B5EC-BD79-4C0F-BA39-F2A45B36AC17}
		{475F9F40-B34B-4362-949E-91D4496E4309} = {6F7386E1-2296-4255-9568-6834A37A7CF3}
	EndGlobalSection
EndGlobal
